// !$*UTF8*$!
{
	archiveVersion = 1;
	classes = {
	};
	objectVersion = 77;
	objects = {

/* Begin PBXBuildFile section */
		01C7E1B0EF4F6D6F80C5B24C /* TableImportParserTests.swift in Sources */ = {isa = PBXBuildFile; fileRef = 91BCE76407335C9713304F9D /* TableImportParserTests.swift */; };
		0BA07C2D24BB3A96F8A5E7B7 /* LearnSessionView.swift in Sources */ = {isa = PBXBuildFile; fileRef = 8D2868C30CC3839C47730203 /* LearnSessionView.swift */; };
		0BA4C5566EB0DADD4CA7BB38 /* SupabaseConfiguration.swift in Sources */ = {isa = PBXBuildFile; fileRef = 96A21B4CACDEB48A2BDDB671 /* SupabaseConfiguration.swift */; };
		0ED1DD8B73BC23FBBB1859A4 /* SocialService.swift in Sources */ = {isa = PBXBuildFile; fileRef = 426462B56FD0EC9AF023D9F2 /* SocialService.swift */; };
		12178330FEFF03A18AF619CF /* StudySetDraft.swift in Sources */ = {isa = PBXBuildFile; fileRef = 986CACA862E1D54CD4DF06CF /* StudySetDraft.swift */; };
		12EE9A99ED60EF2C510097B7 /* SocialView.swift in Sources */ = {isa = PBXBuildFile; fileRef = 8D8D9DA46C3B40BE1319A220 /* SocialView.swift */; };
		218A1B9153A8F7196A7FD175 /* MyQuizzesView.swift in Sources */ = {isa = PBXBuildFile; fileRef = 01557FDC64AB9F3E731E15AA /* MyQuizzesView.swift */; };
		2812354A74E594F7AB92C70D /* AppDatabase.swift in Sources */ = {isa = PBXBuildFile; fileRef = F739A6F7F8767D0448503087 /* AppDatabase.swift */; };
		2A5ED9453153B12640FAC166 /* DailyPlan.swift in Sources */ = {isa = PBXBuildFile; fileRef = 376F56258F82F144D8E84E66 /* DailyPlan.swift */; };
		2D697125F33EEC8E69CF44B8 /* QuizAuthoringService.swift in Sources */ = {isa = PBXBuildFile; fileRef = 3FA5BF0C84057B447AE79E32 /* QuizAuthoringService.swift */; };
		3165E5BDF41AD0CA2B1D05FB /* GoalsView.swift in Sources */ = {isa = PBXBuildFile; fileRef = 93C5C5E035E2E220496009B0 /* GoalsView.swift */; };
		3F21EC6E380058072DA0F977 /* GRDB in Frameworks */ = {isa = PBXBuildFile; productRef = FA66617488ED7FA786129E43 /* GRDB */; };
		450DB60F8F67AAF37E06543F /* StudyQuestion.swift in Sources */ = {isa = PBXBuildFile; fileRef = 20EAB15C2761F0F7B90FEE9B /* StudyQuestion.swift */; };
		4D691B9E8238C076179611F9 /* AuthStore.swift in Sources */ = {isa = PBXBuildFile; fileRef = 94C51202DD85DC322CB38093 /* AuthStore.swift */; };
		5A12B1F15D5597BAC0A052FD /* PrivacyView.swift in Sources */ = {isa = PBXBuildFile; fileRef = E5FD625BAE7505A8ED07C0FF /* PrivacyView.swift */; };
		5D1A9A0CF7BE6596404B4F45 /* GoalsStore.swift in Sources */ = {isa = PBXBuildFile; fileRef = 060EA43C9AA1DB9826561BBC /* GoalsStore.swift */; };
		5F2366BDA8100E1010F0E973 /* ProgressDashboardView.swift in Sources */ = {isa = PBXBuildFile; fileRef = D1CCBBA4074FD61270C407B7 /* ProgressDashboardView.swift */; };
		65E401B51A0CE1196558F42B /* Attempt.swift in Sources */ = {isa = PBXBuildFile; fileRef = FF8BC9DB2ED0AAC035D3F156 /* Attempt.swift */; };
		6A3F76054B558651ED10D394 /* LearningRepository.swift in Sources */ = {isa = PBXBuildFile; fileRef = 85FD06012F0309FFB737DFF6 /* LearningRepository.swift */; };
		6A60369E4A8DB77764573C28 /* MyQuizzesStore.swift in Sources */ = {isa = PBXBuildFile; fileRef = CD3FEB8A29FC431933664685 /* MyQuizzesStore.swift */; };
		6DD255E31AC7133F90AD3DDE /* PersonalQuizView.swift in Sources */ = {isa = PBXBuildFile; fileRef = 734B831E99BBB11025AFE3A1 /* PersonalQuizView.swift */; };
		71CB7CC267C09951B04112E9 /* SyncService.swift in Sources */ = {isa = PBXBuildFile; fileRef = 7935931C0B46440EDBC79AAA /* SyncService.swift */; };
		781C678A610502BED9637291 /* LearningStore.swift in Sources */ = {isa = PBXBuildFile; fileRef = 0D16621BFA37243165C0D00C /* LearningStore.swift */; };
		7DE450C6FB8F95516C99AEBA /* TodayView.swift in Sources */ = {isa = PBXBuildFile; fileRef = B8FB7B3788DDBCEE725936CF /* TodayView.swift */; };
		7F7154D72410ECF270F9D30A /* BOTAIApp.swift in Sources */ = {isa = PBXBuildFile; fileRef = 7DD151C06E4A2253F428D68B /* BOTAIApp.swift */; };
		90CBE53052CF75BA676EF925 /* TableImportView.swift in Sources */ = {isa = PBXBuildFile; fileRef = 8A95EBF1449A8292B3B357F3 /* TableImportView.swift */; };
		9246243623147B92DD1F2B96 /* PublicLibraryStore.swift in Sources */ = {isa = PBXBuildFile; fileRef = 25FA731CD7EB466A9BF618BE /* PublicLibraryStore.swift */; };
		9B2E3945488A53D2E7EBCBBE /* SupabaseProvider.swift in Sources */ = {isa = PBXBuildFile; fileRef = 7A36BBC8DF3354B0F598EA75 /* SupabaseProvider.swift */; };
		9E1900A09594CDC15739B1CF /* LearningState.swift in Sources */ = {isa = PBXBuildFile; fileRef = F32AD5DD98848D92160A2ECE /* LearningState.swift */; };
		9E96EBD567277C5F058BD013 /* Supabase in Frameworks */ = {isa = PBXBuildFile; productRef = 471FE1DBB6AE91F7EE39CD5F /* Supabase */; };
		A394EDF0F0E05976F65B1546 /* RootTabView.swift in Sources */ = {isa = PBXBuildFile; fileRef = BCE572C04DE8ADC6B6291399 /* RootTabView.swift */; };
		AD18CE6462F97696BF1F1A49 /* DemoContent.swift in Sources */ = {isa = PBXBuildFile; fileRef = 6EEC0059B7C03D9B17854A1E /* DemoContent.swift */; };
		BD11BD3F336356AE0475190A /* LearningRepositoryTests.swift in Sources */ = {isa = PBXBuildFile; fileRef = DE4287578AC9F45A50FD6A46 /* LearningRepositoryTests.swift */; };
		BDED0A52965C1A1DB3E933F6 /* CreateQuizView.swift in Sources */ = {isa = PBXBuildFile; fileRef = 82BCCA7D3BE740D7C95A5EEE /* CreateQuizView.swift */; };
		CC57CDD0F772F0F8F0D74D2B /* PrivacyInfo.xcprivacy in Resources */ = {isa = PBXBuildFile; fileRef = E8AC53CBAF0DB8EEF0881AA3 /* PrivacyInfo.xcprivacy */; };
		CF628F68723D3146A061334E /* PersonalQuizService.swift in Sources */ = {isa = PBXBuildFile; fileRef = 8BDBEB068052A2E0BAAE393C /* PersonalQuizService.swift */; };
		D012B71FD44F0E023FC6EAB3 /* EditPersonalQuizView.swift in Sources */ = {isa = PBXBuildFile; fileRef = 88CE5F7CA97A124A4E93B218 /* EditPersonalQuizView.swift */; };
		D539DF947EAD8FF27E037A2B /* LibraryView.swift in Sources */ = {isa = PBXBuildFile; fileRef = 2F7BD1B53294738809CBB3A2 /* LibraryView.swift */; };
		D6B02D17988A36E08AD46C18 /* LearningStateTests.swift in Sources */ = {isa = PBXBuildFile; fileRef = 596555D1BDE357A8CAFEFD2C /* LearningStateTests.swift */; };
		D7F8FBAC026F7E1A993DF7D6 /* AccountSafetyService.swift in Sources */ = {isa = PBXBuildFile; fileRef = A7626D494DC476ABE5F29F05 /* AccountSafetyService.swift */; };
		EB96DB4352D299493ABB9F85 /* DailyPlanTests.swift in Sources */ = {isa = PBXBuildFile; fileRef = 73BBD4473054760B92F62626 /* DailyPlanTests.swift */; };
		EFFBB0C2CF1C8B55C82E9DE3 /* ProfileView.swift in Sources */ = {isa = PBXBuildFile; fileRef = 817818ACA82B71632FAE9344 /* ProfileView.swift */; };
		FBD3E7D13A08590E439D5590 /* TableImport.swift in Sources */ = {isa = PBXBuildFile; fileRef = 9A1105B18B7AC81192B0685B /* TableImport.swift */; };
/* End PBXBuildFile section */

/* Begin PBXContainerItemProxy section */
		F4FE53C1A8DB0E64DA076CA8 /* PBXContainerItemProxy */ = {
			isa = PBXContainerItemProxy;
			containerPortal = 047C7DFD313006C15FDB561D /* Project object */;
			proxyType = 1;
			remoteGlobalIDString = 8C7E0572F23B9DC3C118CC43;
			remoteInfo = BOTAI;
		};
/* End PBXContainerItemProxy section */

/* Begin PBXFileReference section */
		01557FDC64AB9F3E731E15AA /* MyQuizzesView.swift */ = {isa = PBXFileReference; lastKnownFileType = sourcecode.swift; path = MyQuizzesView.swift; sourceTree = "<group>"; };
		060EA43C9AA1DB9826561BBC /* GoalsStore.swift */ = {isa = PBXFileReference; lastKnownFileType = sourcecode.swift; path = GoalsStore.swift; sourceTree = "<group>"; };
		0D16621BFA37243165C0D00C /* LearningStore.swift */ = {isa = PBXFileReference; lastKnownFileType = sourcecode.swift; path = LearningStore.swift; sourceTree = "<group>"; };
		0EEB254DC7672F182570BFA5 /* BOTAI.app */ = {isa = PBXFileReference; includeInIndex = 0; lastKnownFileType = wrapper.application; path = BOTAI.app; sourceTree = BUILT_PRODUCTS_DIR; };
		20EAB15C2761F0F7B90FEE9B /* StudyQuestion.swift */ = {isa = PBXFileReference; lastKnownFileType = sourcecode.swift; path = StudyQuestion.swift; sourceTree = "<group>"; };
		25FA731CD7EB466A9BF618BE /* PublicLibraryStore.swift */ = {isa = PBXFileReference; lastKnownFileType = sourcecode.swift; path = PublicLibraryStore.swift; sourceTree = "<group>"; };
		2F7BD1B53294738809CBB3A2 /* LibraryView.swift */ = {isa = PBXFileReference; lastKnownFileType = sourcecode.swift; path = LibraryView.swift; sourceTree = "<group>"; };
		376F56258F82F144D8E84E66 /* DailyPlan.swift */ = {isa = PBXFileReference; lastKnownFileType = sourcecode.swift; path = DailyPlan.swift; sourceTree = "<group>"; };
		3FA5BF0C84057B447AE79E32 /* QuizAuthoringService.swift */ = {isa = PBXFileReference; lastKnownFileType = sourcecode.swift; path = QuizAuthoringService.swift; sourceTree = "<group>"; };
		426462B56FD0EC9AF023D9F2 /* SocialService.swift */ = {isa = PBXFileReference; lastKnownFileType = sourcecode.swift; path = SocialService.swift; sourceTree = "<group>"; };
		596555D1BDE357A8CAFEFD2C /* LearningStateTests.swift */ = {isa = PBXFileReference; lastKnownFileType = sourcecode.swift; path = LearningStateTests.swift; sourceTree = "<group>"; };
		6EEC0059B7C03D9B17854A1E /* DemoContent.swift */ = {isa = PBXFileReference; lastKnownFileType = sourcecode.swift; path = DemoContent.swift; sourceTree = "<group>"; };
		734B831E99BBB11025AFE3A1 /* PersonalQuizView.swift */ = {isa = PBXFileReference; lastKnownFileType = sourcecode.swift; path = PersonalQuizView.swift; sourceTree = "<group>"; };
		73BBD4473054760B92F62626 /* DailyPlanTests.swift */ = {isa = PBXFileReference; lastKnownFileType = sourcecode.swift; path = DailyPlanTests.swift; sourceTree = "<group>"; };
		7935931C0B46440EDBC79AAA /* SyncService.swift */ = {isa = PBXFileReference; lastKnownFileType = sourcecode.swift; path = SyncService.swift; sourceTree = "<group>"; };
		7A36BBC8DF3354B0F598EA75 /* SupabaseProvider.swift */ = {isa = PBXFileReference; lastKnownFileType = sourcecode.swift; path = SupabaseProvider.swift; sourceTree = "<group>"; };
		7DD151C06E4A2253F428D68B /* BOTAIApp.swift */ = {isa = PBXFileReference; lastKnownFileType = sourcecode.swift; path = BOTAIApp.swift; sourceTree = "<group>"; };
		817818ACA82B71632FAE9344 /* ProfileView.swift */ = {isa = PBXFileReference; lastKnownFileType = sourcecode.swift; path = ProfileView.swift; sourceTree = "<group>"; };
		82BCCA7D3BE740D7C95A5EEE /* CreateQuizView.swift */ = {isa = PBXFileReference; lastKnownFileType = sourcecode.swift; path = CreateQuizView.swift; sourceTree = "<group>"; };
		85FD06012F0309FFB737DFF6 /* LearningRepository.swift */ = {isa = PBXFileReference; lastKnownFileType = sourcecode.swift; path = LearningRepository.swift; sourceTree = "<group>"; };
		88CE5F7CA97A124A4E93B218 /* EditPersonalQuizView.swift */ = {isa = PBXFileReference; lastKnownFileType = sourcecode.swift; path = EditPersonalQuizView.swift; sourceTree = "<group>"; };
		8A95EBF1449A8292B3B357F3 /* TableImportView.swift */ = {isa = PBXFileReference; lastKnownFileType = sourcecode.swift; path = TableImportView.swift; sourceTree = "<group>"; };
		8BDBEB068052A2E0BAAE393C /* PersonalQuizService.swift */ = {isa = PBXFileReference; lastKnownFileType = sourcecode.swift; path = PersonalQuizService.swift; sourceTree = "<group>"; };
		8D2868C30CC3839C47730203 /* LearnSessionView.swift */ = {isa = PBXFileReference; lastKnownFileType = sourcecode.swift; path = LearnSessionView.swift; sourceTree = "<group>"; };
		8D8D9DA46C3B40BE1319A220 /* SocialView.swift */ = {isa = PBXFileReference; lastKnownFileType = sourcecode.swift; path = SocialView.swift; sourceTree = "<group>"; };
		91BCE76407335C9713304F9D /* TableImportParserTests.swift */ = {isa = PBXFileReference; lastKnownFileType = sourcecode.swift; path = TableImportParserTests.swift; sourceTree = "<group>"; };
		93C5C5E035E2E220496009B0 /* GoalsView.swift */ = {isa = PBXFileReference; lastKnownFileType = sourcecode.swift; path = GoalsView.swift; sourceTree = "<group>"; };
		94C51202DD85DC322CB38093 /* AuthStore.swift */ = {isa = PBXFileReference; lastKnownFileType = sourcecode.swift; path = AuthStore.swift; sourceTree = "<group>"; };
		96A21B4CACDEB48A2BDDB671 /* SupabaseConfiguration.swift */ = {isa = PBXFileReference; lastKnownFileType = sourcecode.swift; path = SupabaseConfiguration.swift; sourceTree = "<group>"; };
		986CACA862E1D54CD4DF06CF /* StudySetDraft.swift */ = {isa = PBXFileReference; lastKnownFileType = sourcecode.swift; path = StudySetDraft.swift; sourceTree = "<group>"; };
		9A1105B18B7AC81192B0685B /* TableImport.swift */ = {isa = PBXFileReference; lastKnownFileType = sourcecode.swift; path = TableImport.swift; sourceTree = "<group>"; };
		A7626D494DC476ABE5F29F05 /* AccountSafetyService.swift */ = {isa = PBXFileReference; lastKnownFileType = sourcecode.swift; path = AccountSafetyService.swift; sourceTree = "<group>"; };
		AFD3EF09AA65DD0860C0C879 /* BOTAITests.xctest */ = {isa = PBXFileReference; includeInIndex = 0; lastKnownFileType = wrapper.cfbundle; path = BOTAITests.xctest; sourceTree = BUILT_PRODUCTS_DIR; };
		B8FB7B3788DDBCEE725936CF /* TodayView.swift */ = {isa = PBXFileReference; lastKnownFileType = sourcecode.swift; path = TodayView.swift; sourceTree = "<group>"; };
		BCE572C04DE8ADC6B6291399 /* RootTabView.swift */ = {isa = PBXFileReference; lastKnownFileType = sourcecode.swift; path = RootTabView.swift; sourceTree = "<group>"; };
		CD3FEB8A29FC431933664685 /* MyQuizzesStore.swift */ = {isa = PBXFileReference; lastKnownFileType = sourcecode.swift; path = MyQuizzesStore.swift; sourceTree = "<group>"; };
		D1CCBBA4074FD61270C407B7 /* ProgressDashboardView.swift */ = {isa = PBXFileReference; lastKnownFileType = sourcecode.swift; path = ProgressDashboardView.swift; sourceTree = "<group>"; };
		DE4287578AC9F45A50FD6A46 /* LearningRepositoryTests.swift */ = {isa = PBXFileReference; lastKnownFileType = sourcecode.swift; path = LearningRepositoryTests.swift; sourceTree = "<group>"; };
		E5FD625BAE7505A8ED07C0FF /* PrivacyView.swift */ = {isa = PBXFileReference; lastKnownFileType = sourcecode.swift; path = PrivacyView.swift; sourceTree = "<group>"; };
		E8181C5074307453B062460D /* BOTAI.entitlements */ = {isa = PBXFileReference; lastKnownFileType = text.plist.entitlements; path = BOTAI.entitlements; sourceTree = "<group>"; };
		E8AC53CBAF0DB8EEF0881AA3 /* PrivacyInfo.xcprivacy */ = {isa = PBXFileReference; path = PrivacyInfo.xcprivacy; sourceTree = "<group>"; };
		F32AD5DD98848D92160A2ECE /* LearningState.swift */ = {isa = PBXFileReference; lastKnownFileType = sourcecode.swift; path = LearningState.swift; sourceTree = "<group>"; };
		F739A6F7F8767D0448503087 /* AppDatabase.swift */ = {isa = PBXFileReference; lastKnownFileType = sourcecode.swift; path = AppDatabase.swift; sourceTree = "<group>"; };
		FF8BC9DB2ED0AAC035D3F156 /* Attempt.swift */ = {isa = PBXFileReference; lastKnownFileType = sourcecode.swift; path = Attempt.swift; sourceTree = "<group>"; };
/* End PBXFileReference section */

/* Begin PBXFrameworksBuildPhase section */
		D772A66F29E898F2404C585B /* Frameworks */ = {
			isa = PBXFrameworksBuildPhase;
			buildActionMask = 2147483647;
			files = (
				9E96EBD567277C5F058BD013 /* Supabase in Frameworks */,
				3F21EC6E380058072DA0F977 /* GRDB in Frameworks */,
			);
			runOnlyForDeploymentPostprocessing = 0;
		};
/* End PBXFrameworksBuildPhase section */

/* Begin PBXGroup section */
		0D753F5774526CECB91E3A32 = {
			isa = PBXGroup;
			children = (
				949EBB6041A1B2479A16BA41 /* BOTAI */,
				F8515A6E759785553F1AAA7C /* BOTAITests */,
				EF45DE58DE077AA068C034A1 /* Products */,
			);
			sourceTree = "<group>";
		};
		0F18EEF0304C1E1C44DD447B /* Library */ = {
			isa = PBXGroup;
			children = (
				82BCCA7D3BE740D7C95A5EEE /* CreateQuizView.swift */,
				88CE5F7CA97A124A4E93B218 /* EditPersonalQuizView.swift */,
				2F7BD1B53294738809CBB3A2 /* LibraryView.swift */,
				01557FDC64AB9F3E731E15AA /* MyQuizzesView.swift */,
				734B831E99BBB11025AFE3A1 /* PersonalQuizView.swift */,
				8A95EBF1449A8292B3B357F3 /* TableImportView.swift */,
			);
			path = Library;
			sourceTree = "<group>";
		};
		256647EA2C8A620D005F5B83 /* Learn */ = {
			isa = PBXGroup;
			children = (
				8D2868C30CC3839C47730203 /* LearnSessionView.swift */,
			);
			path = Learn;
			sourceTree = "<group>";
		};
		290078F6B17BD60CFCD60456 /* Resources */ = {
			isa = PBXGroup;
			children = (
				E8AC53CBAF0DB8EEF0881AA3 /* PrivacyInfo.xcprivacy */,
			);
			path = Resources;
			sourceTree = "<group>";
		};
		774EC56372244A964D8757B9 /* Profile */ = {
			isa = PBXGroup;
			children = (
				93C5C5E035E2E220496009B0 /* GoalsView.swift */,
				E5FD625BAE7505A8ED07C0FF /* PrivacyView.swift */,
				817818ACA82B71632FAE9344 /* ProfileView.swift */,
				8D8D9DA46C3B40BE1319A220 /* SocialView.swift */,
			);
			path = Profile;
			sourceTree = "<group>";
		};
		7FC73312097A2599C85E1BFF /* Progress */ = {
			isa = PBXGroup;
			children = (
				D1CCBBA4074FD61270C407B7 /* ProgressDashboardView.swift */,
			);
			path = Progress;
			sourceTree = "<group>";
		};
		91232322BB566E034FA34638 /* Domain */ = {
			isa = PBXGroup;
			children = (
				376F56258F82F144D8E84E66 /* DailyPlan.swift */,
				986CACA862E1D54CD4DF06CF /* StudySetDraft.swift */,
				9A1105B18B7AC81192B0685B /* TableImport.swift */,
				B167F9A06DD96627FD4E40BB /* Models */,
			);
			path = Domain;
			sourceTree = "<group>";
		};
		949EBB6041A1B2479A16BA41 /* BOTAI */ = {
			isa = PBXGroup;
			children = (
				E8181C5074307453B062460D /* BOTAI.entitlements */,
				C55152D6C05E8AC39B4428DB /* App */,
				A9B7840F1F7C2C4DEBA401F0 /* Data */,
				91232322BB566E034FA34638 /* Domain */,
				E60E6D46661CB047CA78022B /* Features */,
				A57CEA6781DF3633F1207D0A /* Infrastructure */,
				290078F6B17BD60CFCD60456 /* Resources */,
				C42546F3BBD4B3952C328FCC /* Services */,
			);
			path = BOTAI;
			sourceTree = "<group>";
		};
		97910AB16D540B4201342473 /* Today */ = {
			isa = PBXGroup;
			children = (
				B8FB7B3788DDBCEE725936CF /* TodayView.swift */,
			);
			path = Today;
			sourceTree = "<group>";
		};
		A57CEA6781DF3633F1207D0A /* Infrastructure */ = {
			isa = PBXGroup;
			children = (
				96A21B4CACDEB48A2BDDB671 /* SupabaseConfiguration.swift */,
				7A36BBC8DF3354B0F598EA75 /* SupabaseProvider.swift */,
			);
			path = Infrastructure;
			sourceTree = "<group>";
		};
		A9B7840F1F7C2C4DEBA401F0 /* Data */ = {
			isa = PBXGroup;
			children = (
				F739A6F7F8767D0448503087 /* AppDatabase.swift */,
				85FD06012F0309FFB737DFF6 /* LearningRepository.swift */,
			);
			path = Data;
			sourceTree = "<group>";
		};
		B167F9A06DD96627FD4E40BB /* Models */ = {
			isa = PBXGroup;
			children = (
				FF8BC9DB2ED0AAC035D3F156 /* Attempt.swift */,
				F32AD5DD98848D92160A2ECE /* LearningState.swift */,
				20EAB15C2761F0F7B90FEE9B /* StudyQuestion.swift */,
			);
			path = Models;
			sourceTree = "<group>";
		};
		C42546F3BBD4B3952C328FCC /* Services */ = {
			isa = PBXGroup;
			children = (
				A7626D494DC476ABE5F29F05 /* AccountSafetyService.swift */,
				94C51202DD85DC322CB38093 /* AuthStore.swift */,
				6EEC0059B7C03D9B17854A1E /* DemoContent.swift */,
				060EA43C9AA1DB9826561BBC /* GoalsStore.swift */,
				0D16621BFA37243165C0D00C /* LearningStore.swift */,
				CD3FEB8A29FC431933664685 /* MyQuizzesStore.swift */,
				8BDBEB068052A2E0BAAE393C /* PersonalQuizService.swift */,
				25FA731CD7EB466A9BF618BE /* PublicLibraryStore.swift */,
				3FA5BF0C84057B447AE79E32 /* QuizAuthoringService.swift */,
				426462B56FD0EC9AF023D9F2 /* SocialService.swift */,
				7935931C0B46440EDBC79AAA /* SyncService.swift */,
			);
			path = Services;
			sourceTree = "<group>";
		};
		C55152D6C05E8AC39B4428DB /* App */ = {
			isa = PBXGroup;
			children = (
				7DD151C06E4A2253F428D68B /* BOTAIApp.swift */,
				BCE572C04DE8ADC6B6291399 /* RootTabView.swift */,
			);
			path = App;
			sourceTree = "<group>";
		};
		E60E6D46661CB047CA78022B /* Features */ = {
			isa = PBXGroup;
			children = (
				256647EA2C8A620D005F5B83 /* Learn */,
				0F18EEF0304C1E1C44DD447B /* Library */,
				774EC56372244A964D8757B9 /* Profile */,
				7FC73312097A2599C85E1BFF /* Progress */,
				97910AB16D540B4201342473 /* Today */,
			);
			path = Features;
			sourceTree = "<group>";
		};
		EF45DE58DE077AA068C034A1 /* Products */ = {
			isa = PBXGroup;
			children = (
				0EEB254DC7672F182570BFA5 /* BOTAI.app */,
				AFD3EF09AA65DD0860C0C879 /* BOTAITests.xctest */,
			);
			name = Products;
			sourceTree = "<group>";
		};
		F8515A6E759785553F1AAA7C /* BOTAITests */ = {
			isa = PBXGroup;
			children = (
				73BBD4473054760B92F62626 /* DailyPlanTests.swift */,
				DE4287578AC9F45A50FD6A46 /* LearningRepositoryTests.swift */,
				596555D1BDE357A8CAFEFD2C /* LearningStateTests.swift */,
				91BCE76407335C9713304F9D /* TableImportParserTests.swift */,
			);
			path = BOTAITests;
			sourceTree = "<group>";
		};
/* End PBXGroup section */

/* Begin PBXNativeTarget section */
		260C368D456DC4CCE4FCF07B /* BOTAITests */ = {
			isa = PBXNativeTarget;
			buildConfigurationList = A3884EEE6D17BBEE3CE396B7 /* Build configuration list for PBXNativeTarget "BOTAITests" */;
			buildPhases = (
				35184F72D555A8D63CF00C3D /* Sources */,
			);
			buildRules = (
			);
			dependencies = (
				D711A7B369F4C72E30C26BBD /* PBXTargetDependency */,
			);
			name = BOTAITests;
			packageProductDependencies = (
			);
			productName = BOTAITests;
			productReference = AFD3EF09AA65DD0860C0C879 /* BOTAITests.xctest */;
			productType = "com.apple.product-type.bundle.unit-test";
		};
		8C7E0572F23B9DC3C118CC43 /* BOTAI */ = {
			isa = PBXNativeTarget;
			buildConfigurationList = 7AE5F7AFDF3BD382109429D6 /* Build configuration list for PBXNativeTarget "BOTAI" */;
			buildPhases = (
				340F3F8D8C62A3174ACA58A2 /* Sources */,
				49B905D5724B6E9573E4BF3A /* Resources */,
				D772A66F29E898F2404C585B /* Frameworks */,
			);
			buildRules = (
			);
			dependencies = (
			);
			name = BOTAI;
			packageProductDependencies = (
				471FE1DBB6AE91F7EE39CD5F /* Supabase */,
				FA66617488ED7FA786129E43 /* GRDB */,
			);
			productName = BOTAI;
			productReference = 0EEB254DC7672F182570BFA5 /* BOTAI.app */;
			productType = "com.apple.product-type.application";
		};
/* End PBXNativeTarget section */

/* Begin PBXProject section */
		047C7DFD313006C15FDB561D /* Project object */ = {
			isa = PBXProject;
			attributes = {
				BuildIndependentTargetsInParallel = YES;
				LastUpgradeCheck = 1430;
				TargetAttributes = {
				};
			};
			buildConfigurationList = AFA2421CA54C59E725415979 /* Build configuration list for PBXProject "BOTAI" */;
			developmentRegion = en;
			hasScannedForEncodings = 0;
			knownRegions = (
				Base,
				en,
			);
			mainGroup = 0D753F5774526CECB91E3A32;
			minimizedProjectReferenceProxies = 1;
			packageReferences = (
				D11B9759B5638B6C56A1B7C6 /* XCRemoteSwiftPackageReference "GRDB.swift" */,
				99D1FBD1C4D4BF85AB393CC3 /* XCRemoteSwiftPackageReference "supabase-swift" */,
			);
			preferredProjectObjectVersion = 77;
			productRefGroup = EF45DE58DE077AA068C034A1 /* Products */;
			projectDirPath = "";
			projectRoot = "";
			targets = (
				8C7E0572F23B9DC3C118CC43 /* BOTAI */,
				260C368D456DC4CCE4FCF07B /* BOTAITests */,
			);
		};
/* End PBXProject section */

/* Begin PBXResourcesBuildPhase section */
		49B905D5724B6E9573E4BF3A /* Resources */ = {
			isa = PBXResourcesBuildPhase;
			buildActionMask = 2147483647;
			files = (
				CC57CDD0F772F0F8F0D74D2B /* PrivacyInfo.xcprivacy in Resources */,
			);
			runOnlyForDeploymentPostprocessing = 0;
		};
/* End PBXResourcesBuildPhase section */

/* Begin PBXSourcesBuildPhase section */
		340F3F8D8C62A3174ACA58A2 /* Sources */ = {
			isa = PBXSourcesBuildPhase;
			buildActionMask = 2147483647;
			files = (
				D7F8FBAC026F7E1A993DF7D6 /* AccountSafetyService.swift in Sources */,
				2812354A74E594F7AB92C70D /* AppDatabase.swift in Sources */,
				65E401B51A0CE1196558F42B /* Attempt.swift in Sources */,
				4D691B9E8238C076179611F9 /* AuthStore.swift in Sources */,
				7F7154D72410ECF270F9D30A /* BOTAIApp.swift in Sources */,
				BDED0A52965C1A1DB3E933F6 /* CreateQuizView.swift in Sources */,
				2A5ED9453153B12640FAC166 /* DailyPlan.swift in Sources */,
				AD18CE6462F97696BF1F1A49 /* DemoContent.swift in Sources */,
				D012B71FD44F0E023FC6EAB3 /* EditPersonalQuizView.swift in Sources */,
				5D1A9A0CF7BE6596404B4F45 /* GoalsStore.swift in Sources */,
				3165E5BDF41AD0CA2B1D05FB /* GoalsView.swift in Sources */,
				0BA07C2D24BB3A96F8A5E7B7 /* LearnSessionView.swift in Sources */,
				6A3F76054B558651ED10D394 /* LearningRepository.swift in Sources */,
				9E1900A09594CDC15739B1CF /* LearningState.swift in Sources */,
				781C678A610502BED9637291 /* LearningStore.swift in Sources */,
				D539DF947EAD8FF27E037A2B /* LibraryView.swift in Sources */,
				6A60369E4A8DB77764573C28 /* MyQuizzesStore.swift in Sources */,
				218A1B9153A8F7196A7FD175 /* MyQuizzesView.swift in Sources */,
				CF628F68723D3146A061334E /* PersonalQuizService.swift in Sources */,
				6DD255E31AC7133F90AD3DDE /* PersonalQuizView.swift in Sources */,
				5A12B1F15D5597BAC0A052FD /* PrivacyView.swift in Sources */,
				EFFBB0C2CF1C8B55C82E9DE3 /* ProfileView.swift in Sources */,
				5F2366BDA8100E1010F0E973 /* ProgressDashboardView.swift in Sources */,
				9246243623147B92DD1F2B96 /* PublicLibraryStore.swift in Sources */,
				2D697125F33EEC8E69CF44B8 /* QuizAuthoringService.swift in Sources */,
				A394EDF0F0E05976F65B1546 /* RootTabView.swift in Sources */,
				0ED1DD8B73BC23FBBB1859A4 /* SocialService.swift in Sources */,
				12EE9A99ED60EF2C510097B7 /* SocialView.swift in Sources */,
				450DB60F8F67AAF37E06543F /* StudyQuestion.swift in Sources */,
				12178330FEFF03A18AF619CF /* StudySetDraft.swift in Sources */,
				0BA4C5566EB0DADD4CA7BB38 /* SupabaseConfiguration.swift in Sources */,
				9B2E3945488A53D2E7EBCBBE /* SupabaseProvider.swift in Sources */,
				71CB7CC267C09951B04112E9 /* SyncService.swift in Sources */,
				FBD3E7D13A08590E439D5590 /* TableImport.swift in Sources */,
				90CBE53052CF75BA676EF925 /* TableImportView.swift in Sources */,
				7DE450C6FB8F95516C99AEBA /* TodayView.swift in Sources */,
			);
			runOnlyForDeploymentPostprocessing = 0;
		};
		35184F72D555A8D63CF00C3D /* Sources */ = {
			isa = PBXSourcesBuildPhase;
			buildActionMask = 2147483647;
			files = (
				EB96DB4352D299493ABB9F85 /* DailyPlanTests.swift in Sources */,
				BD11BD3F336356AE0475190A /* LearningRepositoryTests.swift in Sources */,
				D6B02D17988A36E08AD46C18 /* LearningStateTests.swift in Sources */,
				01C7E1B0EF4F6D6F80C5B24C /* TableImportParserTests.swift in Sources */,
			);
			runOnlyForDeploymentPostprocessing = 0;
		};
/* End PBXSourcesBuildPhase section */

/* Begin PBXTargetDependency section */
		D711A7B369F4C72E30C26BBD /* PBXTargetDependency */ = {
			isa = PBXTargetDependency;
			target = 8C7E0572F23B9DC3C118CC43 /* BOTAI */;
			targetProxy = F4FE53C1A8DB0E64DA076CA8 /* PBXContainerItemProxy */;
		};
/* End PBXTargetDependency section */

/* Begin XCBuildConfiguration section */
		3375CB2B891E7147E4557C0A /* Debug */ = {
			isa = XCBuildConfiguration;
			buildSettings = {
				ALWAYS_SEARCH_USER_PATHS = NO;
				CLANG_ANALYZER_NONNULL = YES;
				CLANG_ANALYZER_NUMBER_OBJECT_CONVERSION = YES_AGGRESSIVE;
				CLANG_CXX_LANGUAGE_STANDARD = "gnu++14";
				CLANG_CXX_LIBRARY = "libc++";
				CLANG_ENABLE_MODULES = YES;
				CLANG_ENABLE_OBJC_ARC = YES;
				CLANG_ENABLE_OBJC_WEAK = YES;
				CLANG_WARN_BLOCK_CAPTURE_AUTORELEASING = YES;
				CLANG_WARN_BOOL_CONVERSION = YES;
				CLANG_WARN_COMMA = YES;
				CLANG_WARN_CONSTANT_CONVERSION = YES;
				CLANG_WARN_DEPRECATED_OBJC_IMPLEMENTATIONS = YES;
				CLANG_WARN_DIRECT_OBJC_ISA_USAGE = YES_ERROR;
				CLANG_WARN_DOCUMENTATION_COMMENTS = YES;
				CLANG_WARN_EMPTY_BODY = YES;
				CLANG_WARN_ENUM_CONVERSION = YES;
				CLANG_WARN_INFINITE_RECURSION = YES;
				CLANG_WARN_INT_CONVERSION = YES;
				CLANG_WARN_NON_LITERAL_NULL_CONVERSION = YES;
				CLANG_WARN_OBJC_IMPLICIT_RETAIN_SELF = YES;
				CLANG_WARN_OBJC_LITERAL_CONVERSION = YES;
				CLANG_WARN_OBJC_ROOT_CLASS = YES_ERROR;
				CLANG_WARN_QUOTED_INCLUDE_IN_FRAMEWORK_HEADER = YES;
				CLANG_WARN_RANGE_LOOP_ANALYSIS = YES;
				CLANG_WARN_STRICT_PROTOTYPES = YES;
				CLANG_WARN_SUSPICIOUS_MOVE = YES;
				CLANG_WARN_UNGUARDED_AVAILABILITY = YES_AGGRESSIVE;
				CLANG_WARN_UNREACHABLE_CODE = YES;
				CLANG_WARN__DUPLICATE_METHOD_MATCH = YES;
				COPY_PHASE_STRIP = NO;
				CURRENT_PROJECT_VERSION = 1;
				DEBUG_INFORMATION_FORMAT = dwarf;
				ENABLE_STRICT_OBJC_MSGSEND = YES;
				ENABLE_TESTABILITY = YES;
				GCC_C_LANGUAGE_STANDARD = gnu11;
				GCC_DYNAMIC_NO_PIC = NO;
				GCC_NO_COMMON_BLOCKS = YES;
				GCC_OPTIMIZATION_LEVEL = 0;
				GCC_PREPROCESSOR_DEFINITIONS = (
					"$(inherited)",
					"DEBUG=1",
				);
				GCC_WARN_64_TO_32_BIT_CONVERSION = YES;
				GCC_WARN_ABOUT_RETURN_TYPE = YES_ERROR;
				GCC_WARN_UNDECLARED_SELECTOR = YES;
				GCC_WARN_UNINITIALIZED_AUTOS = YES_AGGRESSIVE;
				GCC_WARN_UNUSED_FUNCTION = YES;
				GCC_WARN_UNUSED_VARIABLE = YES;
				IPHONEOS_DEPLOYMENT_TARGET = 18.0;
				MARKETING_VERSION = 0.1.0;
				MTL_ENABLE_DEBUG_INFO = INCLUDE_SOURCE;
				MTL_FAST_MATH = YES;
				ONLY_ACTIVE_ARCH = YES;
				PRODUCT_NAME = "$(TARGET_NAME)";
				SDKROOT = iphoneos;
				SWIFT_ACTIVE_COMPILATION_CONDITIONS = DEBUG;
				SWIFT_OPTIMIZATION_LEVEL = "-Onone";
				SWIFT_VERSION = 6.0;
			};
			name = Debug;
		};
		5E24D7FF671A31C9D498F6FE /* Release */ = {
			isa = XCBuildConfiguration;
			buildSettings = {
				BUNDLE_LOADER = "$(TEST_HOST)";
				LD_RUNPATH_SEARCH_PATHS = (
					"$(inherited)",
					"@executable_path/Frameworks",
					"@loader_path/Frameworks",
				);
				PRODUCT_BUNDLE_IDENTIFIER = com.botai.BOTAITests;
				SDKROOT = iphoneos;
				TARGETED_DEVICE_FAMILY = "1,2";
				TEST_HOST = "$(BUILT_PRODUCTS_DIR)/BOTAI.app/BOTAI";
			};
			name = Release;
		};
		60D6F68C061E3373F2657831 /* Debug */ = {
			isa = XCBuildConfiguration;
			buildSettings = {
				ASSETCATALOG_COMPILER_APPICON_NAME = AppIcon;
				CODE_SIGN_ENTITLEMENTS = BOTAI/BOTAI.entitlements;
				CODE_SIGN_IDENTITY = "iPhone Developer";
				GENERATE_INFOPLIST_FILE = YES;
				INFOPLIST_KEY_CFBundleDisplayName = BOTAI;
				INFOPLIST_KEY_UILaunchScreen_Generation = YES;
				LD_RUNPATH_SEARCH_PATHS = (
					"$(inherited)",
					"@executable_path/Frameworks",
				);
				PRODUCT_BUNDLE_IDENTIFIER = com.botai.app;
				SDKROOT = iphoneos;
				SUPPORTS_MACCATALYST = NO;
				TARGETED_DEVICE_FAMILY = "1,2";
			};
			name = Debug;
		};
		AE05A12E0F841CE12F144C74 /* Release */ = {
			isa = XCBuildConfiguration;
			buildSettings = {
				ASSETCATALOG_COMPILER_APPICON_NAME = AppIcon;
				CODE_SIGN_ENTITLEMENTS = BOTAI/BOTAI.entitlements;
				CODE_SIGN_IDENTITY = "iPhone Developer";
				GENERATE_INFOPLIST_FILE = YES;
				INFOPLIST_KEY_CFBundleDisplayName = BOTAI;
				INFOPLIST_KEY_UILaunchScreen_Generation = YES;
				LD_RUNPATH_SEARCH_PATHS = (
					"$(inherited)",
					"@executable_path/Frameworks",
				);
				PRODUCT_BUNDLE_IDENTIFIER = com.botai.app;
				SDKROOT = iphoneos;
				SUPPORTS_MACCATALYST = NO;
				TARGETED_DEVICE_FAMILY = "1,2";
			};
			name = Release;
		};
		C9A49E2707A7E5E0BF1DFB0C /* Debug */ = {
			isa = XCBuildConfiguration;
			buildSettings = {
				BUNDLE_LOADER = "$(TEST_HOST)";
				LD_RUNPATH_SEARCH_PATHS = (
					"$(inherited)",
					"@executable_path/Frameworks",
					"@loader_path/Frameworks",
				);
				PRODUCT_BUNDLE_IDENTIFIER = com.botai.BOTAITests;
				SDKROOT = iphoneos;
				TARGETED_DEVICE_FAMILY = "1,2";
				TEST_HOST = "$(BUILT_PRODUCTS_DIR)/BOTAI.app/BOTAI";
			};
			name = Debug;
		};
		E6CFEA933C8EE7A1DA1D416E /* Release */ = {
			isa = XCBuildConfiguration;
			buildSettings = {
				ALWAYS_SEARCH_USER_PATHS = NO;
				CLANG_ANALYZER_NONNULL = YES;
				CLANG_ANALYZER_NUMBER_OBJECT_CONVERSION = YES_AGGRESSIVE;
				CLANG_CXX_LANGUAGE_STANDARD = "gnu++14";
				CLANG_CXX_LIBRARY = "libc++";
				CLANG_ENABLE_MODULES = YES;
				CLANG_ENABLE_OBJC_ARC = YES;
				CLANG_ENABLE_OBJC_WEAK = YES;
				CLANG_WARN_BLOCK_CAPTURE_AUTORELEASING = YES;
				CLANG_WARN_BOOL_CONVERSION = YES;
				CLANG_WARN_COMMA = YES;
				CLANG_WARN_CONSTANT_CONVERSION = YES;
				CLANG_WARN_DEPRECATED_OBJC_IMPLEMENTATIONS = YES;
				CLANG_WARN_DIRECT_OBJC_ISA_USAGE = YES_ERROR;
				CLANG_WARN_DOCUMENTATION_COMMENTS = YES;
				CLANG_WARN_EMPTY_BODY = YES;
				CLANG_WARN_ENUM_CONVERSION = YES;
				CLANG_WARN_INFINITE_RECURSION = YES;
				CLANG_WARN_INT_CONVERSION = YES;
				CLANG_WARN_NON_LITERAL_NULL_CONVERSION = YES;
				CLANG_WARN_OBJC_IMPLICIT_RETAIN_SELF = YES;
				CLANG_WARN_OBJC_LITERAL_CONVERSION = YES;
				CLANG_WARN_OBJC_ROOT_CLASS = YES_ERROR;
				CLANG_WARN_QUOTED_INCLUDE_IN_FRAMEWORK_HEADER = YES;
				CLANG_WARN_RANGE_LOOP_ANALYSIS = YES;
				CLANG_WARN_STRICT_PROTOTYPES = YES;
				CLANG_WARN_SUSPICIOUS_MOVE = YES;
				CLANG_WARN_UNGUARDED_AVAILABILITY = YES_AGGRESSIVE;
				CLANG_WARN_UNREACHABLE_CODE = YES;
				CLANG_WARN__DUPLICATE_METHOD_MATCH = YES;
				COPY_PHASE_STRIP = NO;
				CURRENT_PROJECT_VERSION = 1;
				DEBUG_INFORMATION_FORMAT = "dwarf-with-dsym";
				ENABLE_NS_ASSERTIONS = NO;
				ENABLE_STRICT_OBJC_MSGSEND = YES;
				GCC_C_LANGUAGE_STANDARD = gnu11;
				GCC_NO_COMMON_BLOCKS = YES;
				GCC_WARN_64_TO_32_BIT_CONVERSION = YES;
				GCC_WARN_ABOUT_RETURN_TYPE = YES_ERROR;
				GCC_WARN_UNDECLARED_SELECTOR = YES;
				GCC_WARN_UNINITIALIZED_AUTOS = YES_AGGRESSIVE;
				GCC_WARN_UNUSED_FUNCTION = YES;
				GCC_WARN_UNUSED_VARIABLE = YES;
				IPHONEOS_DEPLOYMENT_TARGET = 18.0;
				MARKETING_VERSION = 0.1.0;
				MTL_ENABLE_DEBUG_INFO = NO;
				MTL_FAST_MATH = YES;
				PRODUCT_NAME = "$(TARGET_NAME)";
				SDKROOT = iphoneos;
				SWIFT_COMPILATION_MODE = wholemodule;
				SWIFT_OPTIMIZATION_LEVEL = "-O";
				SWIFT_VERSION = 6.0;
			};
			name = Release;
		};
/* End XCBuildConfiguration section */

/* Begin XCConfigurationList section */
		7AE5F7AFDF3BD382109429D6 /* Build configuration list for PBXNativeTarget "BOTAI" */ = {
			isa = XCConfigurationList;
			buildConfigurations = (
				60D6F68C061E3373F2657831 /* Debug */,
				AE05A12E0F841CE12F144C74 /* Release */,
			);
			defaultConfigurationIsVisible = 0;
			defaultConfigurationName = Debug;
		};
		A3884EEE6D17BBEE3CE396B7 /* Build configuration list for PBXNativeTarget "BOTAITests" */ = {
			isa = XCConfigurationList;
			buildConfigurations = (
				C9A49E2707A7E5E0BF1DFB0C /* Debug */,
				5E24D7FF671A31C9D498F6FE /* Release */,
			);
			defaultConfigurationIsVisible = 0;
			defaultConfigurationName = Debug;
		};
		AFA2421CA54C59E725415979 /* Build configuration list for PBXProject "BOTAI" */ = {
			isa = XCConfigurationList;
			buildConfigurations = (
				3375CB2B891E7147E4557C0A /* Debug */,
				E6CFEA933C8EE7A1DA1D416E /* Release */,
			);
			defaultConfigurationIsVisible = 0;
			defaultConfigurationName = Debug;
		};
/* End XCConfigurationList section */

/* Begin XCRemoteSwiftPackageReference section */
		99D1FBD1C4D4BF85AB393CC3 /* XCRemoteSwiftPackageReference "supabase-swift" */ = {
			isa = XCRemoteSwiftPackageReference;
			repositoryURL = "https://github.com/supabase/supabase-swift";
			requirement = {
				kind = upToNextMajorVersion;
				minimumVersion = 2.0.0;
			};
		};
		D11B9759B5638B6C56A1B7C6 /* XCRemoteSwiftPackageReference "GRDB.swift" */ = {
			isa = XCRemoteSwiftPackageReference;
			repositoryURL = "https://github.com/groue/GRDB.swift";
			requirement = {
				kind = upToNextMajorVersion;
				minimumVersion = 7.0.0;
			};
		};
/* End XCRemoteSwiftPackageReference section */

/* Begin XCSwiftPackageProductDependency section */
		471FE1DBB6AE91F7EE39CD5F /* Supabase */ = {
			isa = XCSwiftPackageProductDependency;
			package = 99D1FBD1C4D4BF85AB393CC3 /* XCRemoteSwiftPackageReference "supabase-swift" */;
			productName = Supabase;
		};
		FA66617488ED7FA786129E43 /* GRDB */ = {
			isa = XCSwiftPackageProductDependency;
			package = D11B9759B5638B6C56A1B7C6 /* XCRemoteSwiftPackageReference "GRDB.swift" */;
			productName = GRDB;
		};
/* End XCSwiftPackageProductDependency section */
	};
	rootObject = 047C7DFD313006C15FDB561D /* Project object */;
}
